
Microsoft Visual Studio Solution File, Format Version 12.00
# Visual Studio Version 16
VisualStudioVersion = 16.0.31321.278
MinimumVisualStudioVersion = 10.0.40219.1
Project("{FAE04EC0-301F-11D3-BF4B-00C04F79EFBC}") = "Pokemon Server", "Pokemon Server.csproj", "{9863830B-6FB6-46E6-BF64-EB8395D4DA59}"
EndProject
Global
	GlobalSection(SolutionConfigurationPlatforms) = preSolution
		Debug|Any CPU = Debug|Any CPU
		Release|Any CPU = Release|Any CPU
	EndGlobalSection
	GlobalSection(ProjectConfigurationPlatforms) = postSolution
		{9863830B-6FB6-46E6-BF64-EB8395D4DA59}.Debug|Any CPU.ActiveCfg = Debug|Any CPU
		{9863830B-6FB6-46E6-BF64-EB8395D4DA59}.Debug|Any CPU.Build.0 = Debug|Any CPU
		{9863830B-6FB6-46E6-BF64-EB8395D4DA59}.Release|Any CPU.ActiveCfg = Release|Any CPU
		{9863830B-6FB6-46E6-BF64-EB8395D4DA59}.Release|Any CPU.Build.0 = Release|Any CPU
	EndGlobalSection
	GlobalSection(SolutionProperties) = preSolution
		HideSolutionNode = FALSE
	EndGlobalSection
	GlobalSection(ExtensibilityGlobals) = postSolution
		SolutionGuid = {549ED126-4B3C-4F8C-8F0A-0F67B52FBD2E}
	EndGlobalSection
EndGlobal
